
Microsoft Visual Studio Solution File, Format Version 12.00
# Visual Studio Version 16
VisualStudioVersion = 16.0.28729.10
MinimumVisualStudioVersion = 10.0.40219.1
Project("{FAE04EC0-301F-11D3-BF4B-00C04F79EFBC}") = "TDSMAN", "TDSMAN.csproj", "{100BEAC5-B869-46A9-9A06-9792B93898A7}"
EndProject
Project("{FAE04EC0-301F-11D3-BF4B-00C04F79EFBC}") = "eRestore", "..\eRestore\eRestore.csproj", "{47DBFE13-0B58-4BC2-A15E-3A7AFD751719}"
EndProject
Project("{FAE04EC0-301F-11D3-BF4B-00C04F79EFBC}") = "eLicensedUpdateApplication", "..\eLicensedUpdateApplication\eLicensedUpdateApplication.csproj", "{D1EB3E58-5B7B-4D38-9EAE-0421A5C78240}"
EndProject
Project("{FAE04EC0-301F-11D3-BF4B-00C04F79EFBC}") = "CompressDB", "..\CompressDB\CompressDB.csproj", "{95C00A42-99A7-482D-AA4B-1A482FD7450D}"
EndProject
Project("{FAE04EC0-301F-11D3-BF4B-00C04F79EFBC}") = "UpdateEnterprise", "..\UpdateEnterprise\UpdateEnterprise.csproj", "{E8EF2EF6-9752-4411-B33F-364A36769FDF}"
EndProject
Project("{FAE04EC0-301F-11D3-BF4B-00C04F79EFBC}") = "MonthlyTDSCalc", "..\MonthlyTDSCalc\MonthlyTDSCalc.csproj", "{C7C4B1AC-E01D-41B6-8D63-7720964F8F1B}"
EndProject
Project("{FAE04EC0-301F-11D3-BF4B-00C04F79EFBC}") = "TMO-PAN Verification", "..\TMO-PAN Verification\TMO-PAN Verification.csproj", "{26508BCB-AE92-4658-8EEC-00709DCF503D}"
EndProject
Project("{FAE04EC0-301F-11D3-BF4B-00C04F79EFBC}") = "CompressDatabaseTDSMonthlyCalc", "..\CompressDatabaseTDSMonthlyCalc\CompressDatabaseTDSMonthlyCalc.csproj", "{9C727173-59CE-4E3E-9A47-D7438848D8E8}"
EndProject
Project("{FAE04EC0-301F-11D3-BF4B-00C04F79EFBC}") = "UpdateApplicationTDSMonthlyCalc", "..\UpdateApplicationTDSMonthlyCalc\UpdateApplicationTDSMonthlyCalc.csproj", "{670323C6-FBE0-4BCE-93A2-871E5B9EFB9F}"
EndProject
Project("{FAE04EC0-301F-11D3-BF4B-00C04F79EFBC}") = "RestoreDatabaseTDSMonthlyTDSCalc", "..\RestoreDatabaseTDSMonthlyTDSCalc\RestoreDatabaseTDSMonthlyTDSCalc.csproj", "{3FDC1671-455C-453C-8864-0BA8527BD65E}"
EndProject
Project("{FAE04EC0-301F-11D3-BF4B-00C04F79EFBC}") = "ImportCallLogFile", "..\ImportCallLogFile\ImportCallLogFile.csproj", "{3836FA04-81C8-4DFF-A40A-1DD09237116A}"
EndProject
Project("{54435603-DBB4-11D2-8724-00A0C9A8B90C}") = "EnterpriseTDS-PANVerification", "..\EnterpriseTDS-PANVerification\EnterpriseTDS-PANVerification.vdproj", "{6F87CD23-866C-4C77-9C45-D271D69C9990}"
EndProject
Project("{FAE04EC0-301F-11D3-BF4B-00C04F79EFBC}") = "RUN_CR32", "..\RUN_CR32\RUN_CR32.csproj", "{59623261-56DC-44BC-B407-2C6B0CB7E18E}"
EndProject
Project("{FAE04EC0-301F-11D3-BF4B-00C04F79EFBC}") = "CA-TDSMAN-PAN Verification", "..\CA-TDSMAN-PAN Verification\CA-TDSMAN-PAN Verification.csproj", "{CC35C79F-98A1-4B29-B3D0-6BBA776CC37F}"
EndProject
Project("{54435603-DBB4-11D2-8724-00A0C9A8B90C}") = "CA-TDSMAN-PANVerificationSetup", "..\CA-TDSMAN-PANVerificationSetup\CA-TDSMAN-PANVerificationSetup.vdproj", "{41477BA1-1790-46B7-ABB5-291992013768}"
EndProject
Project("{54435603-DBB4-11D2-8724-00A0C9A8B90C}") = "MonthlyTDSCalcTrialSetup", "..\MonthlyTDSCalcTrialSetup\MonthlyTDSCalcTrialSetup.vdproj", "{FADC3631-19E4-4588-A06D-2E2BF2036E45}"
EndProject
Project("{54435603-DBB4-11D2-8724-00A0C9A8B90C}") = "MonthlyTDSCalcRegSetup", "..\MonthlyTDSCalcSetup\MonthlyTDSCalcSetup.vdproj", "{C1700F09-EC03-4056-A67F-F3F3B87DE64E}"
EndProject
Project("{54435603-DBB4-11D2-8724-00A0C9A8B90C}") = "MonthlyTDSCalcMegSetup", "..\MonthlyTDSCalcProSetup\MonthlyTDSCalcProSetup.vdproj", "{2049EA39-EDD4-430E-B045-C0718EC064DC}"
EndProject
Project("{54435603-DBB4-11D2-8724-00A0C9A8B90C}") = "MonthlyTDSCalcLitSetup", "..\MonthlyTDSCalcLitSetup\MonthlyTDSCalcLitSetup.vdproj", "{803D613A-33A1-4DF9-8523-479219FE2C5D}"
EndProject
Project("{54435603-DBB4-11D2-8724-00A0C9A8B90C}") = "TDSMANSetup2425", "..\2024-25 SETUP\STD\TDSMANSetup2425\TDSMANSetup2425.vdproj", "{9CD0E8F6-50AD-430A-BF7A-0E9491350A67}"
EndProject
Project("{54435603-DBB4-11D2-8724-00A0C9A8B90C}") = "TDSMANTrialSetup2425", "..\2024-25 SETUP\TRIAL\TDSMANTrialSetup2425\TDSMANTrialSetup2425.vdproj", "{2C3F9672-417F-4514-B14B-FD5E1097B1F5}"
EndProject
Project("{54435603-DBB4-11D2-8724-00A0C9A8B90C}") = "TDSMANProSetup2425", "..\2024-25 SETUP\PRO\TDSMANProSetup2425\TDSMANProSetup2425.vdproj", "{8C9BA577-AC92-4A2F-BF4E-2D7DE0D5575D}"
EndProject
Project("{54435603-DBB4-11D2-8724-00A0C9A8B90C}") = "TDSMANClientSetup2425", "..\2024-25 SETUP\CLIENT\TDSMANClientSetup2425\TDSMANClientSetup2425.vdproj", "{DAC70A88-9FFC-4B74-A82D-0611FAA88677}"
EndProject
Project("{54435603-DBB4-11D2-8724-00A0C9A8B90C}") = "TDSMANEntSetup2425_", "..\2024-25 SETUP\ENT\TDSMANEntSetup\TDSMANEntSetup2425\TDSMANEntSetup2425.vdproj", "{8172202F-7F69-4EE0-81BC-B2573C2926A9}"
EndProject
Project("{54435603-DBB4-11D2-8724-00A0C9A8B90C}") = "TDSMANEntLiteSetup2425_", "..\2024-25 SETUP\ENT_LITE\TDSMANEntLiteSetup2425\TDSMANEntLiteSetup2425.vdproj", "{C4CAD75E-D8C6-441C-AA8C-3A5B276F4DEA}"
EndProject
Project("{54435603-DBB4-11D2-8724-00A0C9A8B90C}") = "TDSMANEntClientSetup2425_", "..\2024-25 SETUP\ENT_CLIENT\TDSMANEntClientSetup2425\TDSMANEntClientSetup2425.vdproj", "{EEB246B1-3D90-468B-A198-58C423A9DA62}"
EndProject
Project("{54435603-DBB4-11D2-8724-00A0C9A8B90C}") = "TDSMANEntLiteClientSetup2425_", "..\2024-25 SETUP\ENT_LITE_CLIENT\TDSMANEntLiteClientSetup2425\TDSMANEntLiteClientSetup2425.vdproj", "{223D0AFF-F34F-493B-9D3E-72F85E37D74A}"
EndProject
Project("{FAE04EC0-301F-11D3-BF4B-00C04F79EFBC}") = "SQLConnectTest", "..\SQLConnectTest\SQLConnectTest.csproj", "{1C71597D-3925-48A5-82B1-C87D8A4010DB}"
EndProject
Project("{54435603-DBB4-11D2-8724-00A0C9A8B90C}") = "TDSMANSetup2526", "..\2025-26 SETUP\STD\TDSMANSetup2526\TDSMANSetup2526\TDSMANSetup2526.vdproj", "{634F781E-ABC7-48FE-A771-1547F3D63534}"
EndProject
Project("{54435603-DBB4-11D2-8724-00A0C9A8B90C}") = "TDSMANTrialSetup2526", "..\2025-26 SETUP\TRIAL\TDSMANTrialSetup2526\TDSMANTrialSetup2526\TDSMANTrialSetup2526.vdproj", "{94229E66-3F79-4766-AA9A-4F150310484D}"
EndProject
Project("{54435603-DBB4-11D2-8724-00A0C9A8B90C}") = "TDSMANProSetup2526", "..\2025-26 SETUP\PRO\TDSMANProSetup2526\TDSMANProSetup2526\TDSMANProSetup2526.vdproj", "{78B36769-AD78-4727-8FA7-E3A2A2F719AE}"
EndProject
Project("{54435603-DBB4-11D2-8724-00A0C9A8B90C}") = "TDSMANClientSetup2526", "..\2025-26 SETUP\CLIENT\TDSMANClientSetup2526\TDSMANClientSetup2526\TDSMANClientSetup2526.vdproj", "{C3D419F7-D68A-452F-B6DC-2AEEF8B9747E}"
EndProject
Project("{54435603-DBB4-11D2-8724-00A0C9A8B90C}") = "TDSMANEntSetup2526", "..\2025-26 SETUP\ENT\TDSMANEntSetup2526\TDSMANEntSetup2526\TDSMANEntSetup2526.vdproj", "{8A025018-C67F-4015-BCA1-7973558BF8E5}"
EndProject
Project("{54435603-DBB4-11D2-8724-00A0C9A8B90C}") = "TDSMANEntClientSetup2526", "..\2025-26 SETUP\ENT_CLIENT\TDSMANEntClientSetup2526\TDSMANEntClientSetup2526\TDSMANEntClientSetup2526.vdproj", "{8DA255F4-6C1E-4C9E-92E1-E97BA2AE98AE}"
EndProject
Project("{54435603-DBB4-11D2-8724-00A0C9A8B90C}") = "TDSMANEntLiteSetup2526", "..\2025-26 SETUP\ENT_LITE\TDSMANEntLiteSetup2526\TDSMANEntLiteSetup2526\TDSMANEntLiteSetup2526.vdproj", "{8F129275-EDA6-4EF3-8DF4-F13D920316FD}"
EndProject
Project("{54435603-DBB4-11D2-8724-00A0C9A8B90C}") = "TDSMANEntLiteClientSetup2526", "..\2025-26 SETUP\ENT_LITE_CLIENT\TDSMANEntLiteClientSetup2526\TDSMANEntLiteClientSetup2526.vdproj", "{25D6555E-B748-4E9E-89D2-B83E2690576E}"
EndProject
Project("{54435603-DBB4-11D2-8724-00A0C9A8B90C}") = "TDSMANEntUltiSetup2526", "..\2025-26 SETUP\ENT_ULTI\TDSMANEntUltiSetup2526\TDSMANEntUltiSetup2526\TDSMANEntUltiSetup2526.vdproj", "{45D8803B-A8B1-4EB1-8F61-1BF5E35378B9}"
EndProject
Project("{54435603-DBB4-11D2-8724-00A0C9A8B90C}") = "TDSMANEntUltiClientSetup2526", "..\2025-26 SETUP\ENT_ULTI_CLIENT\TDSMANEntUltiClientSetup2526\TDSMANEntUltiClientSetup2526.vdproj", "{650806D4-C21D-4801-9047-2852E1329047}"
EndProject
Project("{54435603-DBB4-11D2-8724-00A0C9A8B90C}") = "TDSMANSetup2627", "..\2026-27 SETUP\TDSMANSetup2627\TDSMANSetup2627.vdproj", "{8B5DB33E-EE7F-4299-8117-B97B4F233EF6}"
EndProject
Project("{54435603-DBB4-11D2-8724-00A0C9A8B90C}") = "TDSMANProSetup2627", "..\2026-27 SETUP\TDSMANProSetup2627\TDSMANProSetup2627.vdproj", "{363297AC-7B13-49DA-8343-3CA654D4388E}"
EndProject
Project("{54435603-DBB4-11D2-8724-00A0C9A8B90C}") = "TDSMANTrialSetup2627", "..\2026-27 SETUP\TDSMANTrialSetup2627\TDSMANTrialSetup2627.vdproj", "{B1729D49-8460-4632-A8F2-2EDAD3FA129F}"
EndProject
Project("{54435603-DBB4-11D2-8724-00A0C9A8B90C}") = "TDSMANClientSetup2627", "..\2026-27 SETUP\TDSMANClientSetup2627\TDSMANClientSetup2627.vdproj", "{8906B427-3B9B-4AC7-8DA4-B672C879985A}"
EndProject
Project("{54435603-DBB4-11D2-8724-00A0C9A8B90C}") = "TDSMANEntSetup2627", "..\2026-27 SETUP\TDSMANEntSetup2627\TDSMANEntSetup2627.vdproj", "{434FF07F-31E3-444A-8FFA-E5BDFE33CF8A}"
EndProject
Project("{54435603-DBB4-11D2-8724-00A0C9A8B90C}") = "TDSMANEntClientSetup2627", "..\2026-27 SETUP\TDSMANEntClientSetup2627\TDSMANEntClientSetup2627.vdproj", "{E00AC63C-95C2-4ABB-85E2-9BBD15F0D379}"
EndProject
Project("{54435603-DBB4-11D2-8724-00A0C9A8B90C}") = "TDSMANEntLiteSetup2627", "..\2026-27 SETUP\TDSMANEntLiteSetup2627\TDSMANEntLiteSetup2627.vdproj", "{C656C052-C861-4614-9546-99017D4CD663}"
EndProject
Project("{54435603-DBB4-11D2-8724-00A0C9A8B90C}") = "TDSMANEntLiteClientSetup2627", "..\2026-27 SETUP\TDSMANEntLiteClientSetup2627\TDSMANEntLiteClientSetup2627.vdproj", "{9C405FFF-B6C0-44A7-B333-43822E9C1981}"
EndProject
Project("{54435603-DBB4-11D2-8724-00A0C9A8B90C}") = "TDSMANEntUltiSetup2627", "..\2026-27 SETUP\TDSMANEntUltiSetup2627\TDSMANEntUltiSetup2627.vdproj", "{74F0D9F5-F286-42E7-A1A2-4F5C92165896}"
EndProject
Project("{54435603-DBB4-11D2-8724-00A0C9A8B90C}") = "TDSMANEntUltiClientSetup2627", "..\2026-27 SETUP\TDSMANEntUltiClientSetup2627\TDSMANEntUltiClientSetup2627.vdproj", "{0922855D-4572-4495-96E3-9E64C6D5E28D}"
EndProject
Global
	GlobalSection(SolutionConfigurationPlatforms) = preSolution
		Debug|Any CPU = Debug|Any CPU
		Debug|Mixed Platforms = Debug|Mixed Platforms
		Debug|Win32 = Debug|Win32
		Debug|x86 = Debug|x86
		Release|Any CPU = Release|Any CPU
		Release|Mixed Platforms = Release|Mixed Platforms
		Release|Win32 = Release|Win32
		Release|x86 = Release|x86
	EndGlobalSection
	GlobalSection(ProjectConfigurationPlatforms) = postSolution
		{100BEAC5-B869-46A9-9A06-9792B93898A7}.Debug|Any CPU.ActiveCfg = Debug|Any CPU
		{100BEAC5-B869-46A9-9A06-9792B93898A7}.Debug|Any CPU.Build.0 = Debug|Any CPU
		{100BEAC5-B869-46A9-9A06-9792B93898A7}.Debug|Mixed Platforms.ActiveCfg = Debug|Any CPU
		{100BEAC5-B869-46A9-9A06-9792B93898A7}.Debug|Mixed Platforms.Build.0 = Debug|Any CPU
		{100BEAC5-B869-46A9-9A06-9792B93898A7}.Debug|Win32.ActiveCfg = Debug|Any CPU
		{100BEAC5-B869-46A9-9A06-9792B93898A7}.Debug|x86.ActiveCfg = Debug|Any CPU
		{100BEAC5-B869-46A9-9A06-9792B93898A7}.Release|Any CPU.ActiveCfg = Release|Any CPU
		{100BEAC5-B869-46A9-9A06-9792B93898A7}.Release|Any CPU.Build.0 = Release|Any CPU
		{100BEAC5-B869-46A9-9A06-9792B93898A7}.Release|Mixed Platforms.ActiveCfg = Debug|Any CPU
		{100BEAC5-B869-46A9-9A06-9792B93898A7}.Release|Mixed Platforms.Build.0 = Debug|Any CPU
		{100BEAC5-B869-46A9-9A06-9792B93898A7}.Release|Win32.ActiveCfg = Release|Any CPU
		{100BEAC5-B869-46A9-9A06-9792B93898A7}.Release|x86.ActiveCfg = Release|Any CPU
		{47DBFE13-0B58-4BC2-A15E-3A7AFD751719}.Debug|Any CPU.ActiveCfg = Debug|Any CPU
		{47DBFE13-0B58-4BC2-A15E-3A7AFD751719}.Debug|Any CPU.Build.0 = Debug|Any CPU
		{47DBFE13-0B58-4BC2-A15E-3A7AFD751719}.Debug|Mixed Platforms.ActiveCfg = Debug|Any CPU
		{47DBFE13-0B58-4BC2-A15E-3A7AFD751719}.Debug|Win32.ActiveCfg = Debug|Any CPU
		{47DBFE13-0B58-4BC2-A15E-3A7AFD751719}.Debug|x86.ActiveCfg = Debug|Any CPU
		{47DBFE13-0B58-4BC2-A15E-3A7AFD751719}.Release|Any CPU.ActiveCfg = Release|Any CPU
		{47DBFE13-0B58-4BC2-A15E-3A7AFD751719}.Release|Any CPU.Build.0 = Release|Any CPU
		{47DBFE13-0B58-4BC2-A15E-3A7AFD751719}.Release|Mixed Platforms.ActiveCfg = Debug|Any CPU
		{47DBFE13-0B58-4BC2-A15E-3A7AFD751719}.Release|Win32.ActiveCfg = Release|Any CPU
		{47DBFE13-0B58-4BC2-A15E-3A7AFD751719}.Release|x86.ActiveCfg = Release|Any CPU
		{D1EB3E58-5B7B-4D38-9EAE-0421A5C78240}.Debug|Any CPU.ActiveCfg = Debug|Any CPU
		{D1EB3E58-5B7B-4D38-9EAE-0421A5C78240}.Debug|Any CPU.Build.0 = Debug|Any CPU
		{D1EB3E58-5B7B-4D38-9EAE-0421A5C78240}.Debug|Mixed Platforms.ActiveCfg = Debug|Any CPU
		{D1EB3E58-5B7B-4D38-9EAE-0421A5C78240}.Debug|Win32.ActiveCfg = Debug|Any CPU
		{D1EB3E58-5B7B-4D38-9EAE-0421A5C78240}.Debug|x86.ActiveCfg = Debug|Any CPU
		{D1EB3E58-5B7B-4D38-9EAE-0421A5C78240}.Release|Any CPU.ActiveCfg = Release|Any CPU
		{D1EB3E58-5B7B-4D38-9EAE-0421A5C78240}.Release|Any CPU.Build.0 = Release|Any CPU
		{D1EB3E58-5B7B-4D38-9EAE-0421A5C78240}.Release|Mixed Platforms.ActiveCfg = Debug|Any CPU
		{D1EB3E58-5B7B-4D38-9EAE-0421A5C78240}.Release|Win32.ActiveCfg = Release|Any CPU
		{D1EB3E58-5B7B-4D38-9EAE-0421A5C78240}.Release|x86.ActiveCfg = Release|Any CPU
		{95C00A42-99A7-482D-AA4B-1A482FD7450D}.Debug|Any CPU.ActiveCfg = Debug|Any CPU
		{95C00A42-99A7-482D-AA4B-1A482FD7450D}.Debug|Mixed Platforms.ActiveCfg = Debug|Any CPU
		{95C00A42-99A7-482D-AA4B-1A482FD7450D}.Debug|Win32.ActiveCfg = Debug|Any CPU
		{95C00A42-99A7-482D-AA4B-1A482FD7450D}.Debug|x86.ActiveCfg = Debug|Any CPU
		{95C00A42-99A7-482D-AA4B-1A482FD7450D}.Release|Any CPU.ActiveCfg = Release|Any CPU
		{95C00A42-99A7-482D-AA4B-1A482FD7450D}.Release|Any CPU.Build.0 = Release|Any CPU
		{95C00A42-99A7-482D-AA4B-1A482FD7450D}.Release|Mixed Platforms.ActiveCfg = Debug|Any CPU
		{95C00A42-99A7-482D-AA4B-1A482FD7450D}.Release|Win32.ActiveCfg = Release|Any CPU
		{95C00A42-99A7-482D-AA4B-1A482FD7450D}.Release|x86.ActiveCfg = Release|Any CPU
		{E8EF2EF6-9752-4411-B33F-364A36769FDF}.Debug|Any CPU.ActiveCfg = Debug|Any CPU
		{E8EF2EF6-9752-4411-B33F-364A36769FDF}.Debug|Any CPU.Build.0 = Debug|Any CPU
		{E8EF2EF6-9752-4411-B33F-364A36769FDF}.Debug|Mixed Platforms.ActiveCfg = Debug|Any CPU
		{E8EF2EF6-9752-4411-B33F-364A36769FDF}.Debug|Win32.ActiveCfg = Debug|Any CPU
		{E8EF2EF6-9752-4411-B33F-364A36769FDF}.Debug|x86.ActiveCfg = Debug|Any CPU
		{E8EF2EF6-9752-4411-B33F-364A36769FDF}.Release|Any CPU.ActiveCfg = Release|Any CPU
		{E8EF2EF6-9752-4411-B33F-364A36769FDF}.Release|Any CPU.Build.0 = Release|Any CPU
		{E8EF2EF6-9752-4411-B33F-364A36769FDF}.Release|Mixed Platforms.ActiveCfg = Debug|Any CPU
		{E8EF2EF6-9752-4411-B33F-364A36769FDF}.Release|Win32.ActiveCfg = Release|Any CPU
		{E8EF2EF6-9752-4411-B33F-364A36769FDF}.Release|x86.ActiveCfg = Release|Any CPU
		{C7C4B1AC-E01D-41B6-8D63-7720964F8F1B}.Debug|Any CPU.ActiveCfg = Debug|Any CPU
		{C7C4B1AC-E01D-41B6-8D63-7720964F8F1B}.Debug|Any CPU.Build.0 = Debug|Any CPU
		{C7C4B1AC-E01D-41B6-8D63-7720964F8F1B}.Debug|Mixed Platforms.ActiveCfg = Debug|Any CPU
		{C7C4B1AC-E01D-41B6-8D63-7720964F8F1B}.Debug|Win32.ActiveCfg = Debug|Any CPU
		{C7C4B1AC-E01D-41B6-8D63-7720964F8F1B}.Debug|Win32.Build.0 = Debug|Any CPU
		{C7C4B1AC-E01D-41B6-8D63-7720964F8F1B}.Debug|x86.ActiveCfg = Debug|Any CPU
		{C7C4B1AC-E01D-41B6-8D63-7720964F8F1B}.Debug|x86.Build.0 = Debug|Any CPU
		{C7C4B1AC-E01D-41B6-8D63-7720964F8F1B}.Release|Any CPU.ActiveCfg = Release|Any CPU
		{C7C4B1AC-E01D-41B6-8D63-7720964F8F1B}.Release|Any CPU.Build.0 = Release|Any CPU
		{C7C4B1AC-E01D-41B6-8D63-7720964F8F1B}.Release|Mixed Platforms.ActiveCfg = Release|Any CPU
		{C7C4B1AC-E01D-41B6-8D63-7720964F8F1B}.Release|Mixed Platforms.Build.0 = Release|Any CPU
		{C7C4B1AC-E01D-41B6-8D63-7720964F8F1B}.Release|Win32.ActiveCfg = Release|Any CPU
		{C7C4B1AC-E01D-41B6-8D63-7720964F8F1B}.Release|Win32.Build.0 = Release|Any CPU
		{C7C4B1AC-E01D-41B6-8D63-7720964F8F1B}.Release|x86.ActiveCfg = Release|Any CPU
		{C7C4B1AC-E01D-41B6-8D63-7720964F8F1B}.Release|x86.Build.0 = Release|Any CPU
		{26508BCB-AE92-4658-8EEC-00709DCF503D}.Debug|Any CPU.ActiveCfg = Debug|Any CPU
		{26508BCB-AE92-4658-8EEC-00709DCF503D}.Debug|Any CPU.Build.0 = Debug|Any CPU
		{26508BCB-AE92-4658-8EEC-00709DCF503D}.Debug|Mixed Platforms.ActiveCfg = Debug|Any CPU
		{26508BCB-AE92-4658-8EEC-00709DCF503D}.Debug|Win32.ActiveCfg = Debug|Any CPU
		{26508BCB-AE92-4658-8EEC-00709DCF503D}.Debug|Win32.Build.0 = Debug|Any CPU
		{26508BCB-AE92-4658-8EEC-00709DCF503D}.Debug|x86.ActiveCfg = Debug|Any CPU
		{26508BCB-AE92-4658-8EEC-00709DCF503D}.Debug|x86.Build.0 = Debug|Any CPU
		{26508BCB-AE92-4658-8EEC-00709DCF503D}.Release|Any CPU.ActiveCfg = Release|Any CPU
		{26508BCB-AE92-4658-8EEC-00709DCF503D}.Release|Any CPU.Build.0 = Release|Any CPU
		{26508BCB-AE92-4658-8EEC-00709DCF503D}.Release|Mixed Platforms.ActiveCfg = Release|Any CPU
		{26508BCB-AE92-4658-8EEC-00709DCF503D}.Release|Mixed Platforms.Build.0 = Release|Any CPU
		{26508BCB-AE92-4658-8EEC-00709DCF503D}.Release|Win32.ActiveCfg = Release|Any CPU
		{26508BCB-AE92-4658-8EEC-00709DCF503D}.Release|Win32.Build.0 = Release|Any CPU
		{26508BCB-AE92-4658-8EEC-00709DCF503D}.Release|x86.ActiveCfg = Release|Any CPU
		{26508BCB-AE92-4658-8EEC-00709DCF503D}.Release|x86.Build.0 = Release|Any CPU
		{9C727173-59CE-4E3E-9A47-D7438848D8E8}.Debug|Any CPU.ActiveCfg = Debug|Any CPU
		{9C727173-59CE-4E3E-9A47-D7438848D8E8}.Debug|Any CPU.Build.0 = Debug|Any CPU
		{9C727173-59CE-4E3E-9A47-D7438848D8E8}.Debug|Mixed Platforms.ActiveCfg = Debug|Any CPU
		{9C727173-59CE-4E3E-9A47-D7438848D8E8}.Debug|Win32.ActiveCfg = Debug|Any CPU
		{9C727173-59CE-4E3E-9A47-D7438848D8E8}.Debug|Win32.Build.0 = Debug|Any CPU
		{9C727173-59CE-4E3E-9A47-D7438848D8E8}.Debug|x86.ActiveCfg = Debug|Any CPU
		{9C727173-59CE-4E3E-9A47-D7438848D8E8}.Debug|x86.Build.0 = Debug|Any CPU
		{9C727173-59CE-4E3E-9A47-D7438848D8E8}.Release|Any CPU.ActiveCfg = Release|Any CPU
		{9C727173-59CE-4E3E-9A47-D7438848D8E8}.Release|Any CPU.Build.0 = Release|Any CPU
		{9C727173-59CE-4E3E-9A47-D7438848D8E8}.Release|Mixed Platforms.ActiveCfg = Release|Any CPU
		{9C727173-59CE-4E3E-9A47-D7438848D8E8}.Release|Mixed Platforms.Build.0 = Release|Any CPU
		{9C727173-59CE-4E3E-9A47-D7438848D8E8}.Release|Win32.ActiveCfg = Release|Any CPU
		{9C727173-59CE-4E3E-9A47-D7438848D8E8}.Release|Win32.Build.0 = Release|Any CPU
		{9C727173-59CE-4E3E-9A47-D7438848D8E8}.Release|x86.ActiveCfg = Release|Any CPU
		{9C727173-59CE-4E3E-9A47-D7438848D8E8}.Release|x86.Build.0 = Release|Any CPU
		{670323C6-FBE0-4BCE-93A2-871E5B9EFB9F}.Debug|Any CPU.ActiveCfg = Debug|Any CPU
		{670323C6-FBE0-4BCE-93A2-871E5B9EFB9F}.Debug|Any CPU.Build.0 = Debug|Any CPU
		{670323C6-FBE0-4BCE-93A2-871E5B9EFB9F}.Debug|Mixed Platforms.ActiveCfg = Debug|Any CPU
		{670323C6-FBE0-4BCE-93A2-871E5B9EFB9F}.Debug|Win32.ActiveCfg = Debug|Any CPU
		{670323C6-FBE0-4BCE-93A2-871E5B9EFB9F}.Debug|Win32.Build.0 = Debug|Any CPU
		{670323C6-FBE0-4BCE-93A2-871E5B9EFB9F}.Debug|x86.ActiveCfg = Debug|Any CPU
		{670323C6-FBE0-4BCE-93A2-871E5B9EFB9F}.Debug|x86.Build.0 = Debug|Any CPU
		{670323C6-FBE0-4BCE-93A2-871E5B9EFB9F}.Release|Any CPU.ActiveCfg = Release|Any CPU
		{670323C6-FBE0-4BCE-93A2-871E5B9EFB9F}.Release|Any CPU.Build.0 = Release|Any CPU
		{670323C6-FBE0-4BCE-93A2-871E5B9EFB9F}.Release|Mixed Platforms.ActiveCfg = Release|Any CPU
		{670323C6-FBE0-4BCE-93A2-871E5B9EFB9F}.Release|Mixed Platforms.Build.0 = Release|Any CPU
		{670323C6-FBE0-4BCE-93A2-871E5B9EFB9F}.Release|Win32.ActiveCfg = Release|Any CPU
		{670323C6-FBE0-4BCE-93A2-871E5B9EFB9F}.Release|Win32.Build.0 = Release|Any CPU
		{670323C6-FBE0-4BCE-93A2-871E5B9EFB9F}.Release|x86.ActiveCfg = Release|Any CPU
		{670323C6-FBE0-4BCE-93A2-871E5B9EFB9F}.Release|x86.Build.0 = Release|Any CPU
		{3FDC1671-455C-453C-8864-0BA8527BD65E}.Debug|Any CPU.ActiveCfg = Debug|Any CPU
		{3FDC1671-455C-453C-8864-0BA8527BD65E}.Debug|Any CPU.Build.0 = Debug|Any CPU
		{3FDC1671-455C-453C-8864-0BA8527BD65E}.Debug|Mixed Platforms.ActiveCfg = Debug|Any CPU
		{3FDC1671-455C-453C-8864-0BA8527BD65E}.Debug|Win32.ActiveCfg = Debug|Any CPU
		{3FDC1671-455C-453C-8864-0BA8527BD65E}.Debug|Win32.Build.0 = Debug|Any CPU
		{3FDC1671-455C-453C-8864-0BA8527BD65E}.Debug|x86.ActiveCfg = Debug|Any CPU
		{3FDC1671-455C-453C-8864-0BA8527BD65E}.Debug|x86.Build.0 = Debug|Any CPU
		{3FDC1671-455C-453C-8864-0BA8527BD65E}.Release|Any CPU.ActiveCfg = Release|Any CPU
		{3FDC1671-455C-453C-8864-0BA8527BD65E}.Release|Any CPU.Build.0 = Release|Any CPU
		{3FDC1671-455C-453C-8864-0BA8527BD65E}.Release|Mixed Platforms.ActiveCfg = Release|Any CPU
		{3FDC1671-455C-453C-8864-0BA8527BD65E}.Release|Mixed Platforms.Build.0 = Release|Any CPU
		{3FDC1671-455C-453C-8864-0BA8527BD65E}.Release|Win32.ActiveCfg = Release|Any CPU
		{3FDC1671-455C-453C-8864-0BA8527BD65E}.Release|Win32.Build.0 = Release|Any CPU
		{3FDC1671-455C-453C-8864-0BA8527BD65E}.Release|x86.ActiveCfg = Release|Any CPU
		{3FDC1671-455C-453C-8864-0BA8527BD65E}.Release|x86.Build.0 = Release|Any CPU
		{3836FA04-81C8-4DFF-A40A-1DD09237116A}.Debug|Any CPU.ActiveCfg = Debug|Any CPU
		{3836FA04-81C8-4DFF-A40A-1DD09237116A}.Debug|Any CPU.Build.0 = Debug|Any CPU
		{3836FA04-81C8-4DFF-A40A-1DD09237116A}.Debug|Mixed Platforms.ActiveCfg = Debug|Any CPU
		{3836FA04-81C8-4DFF-A40A-1DD09237116A}.Debug|Win32.ActiveCfg = Debug|Any CPU
		{3836FA04-81C8-4DFF-A40A-1DD09237116A}.Debug|Win32.Build.0 = Debug|Any CPU
		{3836FA04-81C8-4DFF-A40A-1DD09237116A}.Debug|x86.ActiveCfg = Debug|Any CPU
		{3836FA04-81C8-4DFF-A40A-1DD09237116A}.Debug|x86.Build.0 = Debug|Any CPU
		{3836FA04-81C8-4DFF-A40A-1DD09237116A}.Release|Any CPU.ActiveCfg = Release|Any CPU
		{3836FA04-81C8-4DFF-A40A-1DD09237116A}.Release|Any CPU.Build.0 = Release|Any CPU
		{3836FA04-81C8-4DFF-A40A-1DD09237116A}.Release|Mixed Platforms.ActiveCfg = Release|Any CPU
		{3836FA04-81C8-4DFF-A40A-1DD09237116A}.Release|Mixed Platforms.Build.0 = Release|Any CPU
		{3836FA04-81C8-4DFF-A40A-1DD09237116A}.Release|Win32.ActiveCfg = Release|Any CPU
		{3836FA04-81C8-4DFF-A40A-1DD09237116A}.Release|Win32.Build.0 = Release|Any CPU
		{3836FA04-81C8-4DFF-A40A-1DD09237116A}.Release|x86.ActiveCfg = Release|Any CPU
		{3836FA04-81C8-4DFF-A40A-1DD09237116A}.Release|x86.Build.0 = Release|Any CPU
		{6F87CD23-866C-4C77-9C45-D271D69C9990}.Debug|Any CPU.ActiveCfg = Debug
		{6F87CD23-866C-4C77-9C45-D271D69C9990}.Debug|Mixed Platforms.ActiveCfg = Debug
		{6F87CD23-866C-4C77-9C45-D271D69C9990}.Debug|Win32.ActiveCfg = Debug
		{6F87CD23-866C-4C77-9C45-D271D69C9990}.Debug|x86.ActiveCfg = Debug
		{6F87CD23-866C-4C77-9C45-D271D69C9990}.Release|Any CPU.ActiveCfg = Release
		{6F87CD23-866C-4C77-9C45-D271D69C9990}.Release|Mixed Platforms.ActiveCfg = Release
		{6F87CD23-866C-4C77-9C45-D271D69C9990}.Release|Win32.ActiveCfg = Release
		{6F87CD23-866C-4C77-9C45-D271D69C9990}.Release|x86.ActiveCfg = Release
		{59623261-56DC-44BC-B407-2C6B0CB7E18E}.Debug|Any CPU.ActiveCfg = Debug|Any CPU
		{59623261-56DC-44BC-B407-2C6B0CB7E18E}.Debug|Any CPU.Build.0 = Debug|Any CPU
		{59623261-56DC-44BC-B407-2C6B0CB7E18E}.Debug|Mixed Platforms.ActiveCfg = Debug|Any CPU
		{59623261-56DC-44BC-B407-2C6B0CB7E18E}.Debug|Win32.ActiveCfg = Debug|Any CPU
		{59623261-56DC-44BC-B407-2C6B0CB7E18E}.Debug|Win32.Build.0 = Debug|Any CPU
		{59623261-56DC-44BC-B407-2C6B0CB7E18E}.Debug|x86.ActiveCfg = Debug|Any CPU
		{59623261-56DC-44BC-B407-2C6B0CB7E18E}.Debug|x86.Build.0 = Debug|Any CPU
		{59623261-56DC-44BC-B407-2C6B0CB7E18E}.Release|Any CPU.ActiveCfg = Release|Any CPU
		{59623261-56DC-44BC-B407-2C6B0CB7E18E}.Release|Any CPU.Build.0 = Release|Any CPU
		{59623261-56DC-44BC-B407-2C6B0CB7E18E}.Release|Mixed Platforms.ActiveCfg = Release|Any CPU
		{59623261-56DC-44BC-B407-2C6B0CB7E18E}.Release|Mixed Platforms.Build.0 = Release|Any CPU
		{59623261-56DC-44BC-B407-2C6B0CB7E18E}.Release|Win32.ActiveCfg = Release|Any CPU
		{59623261-56DC-44BC-B407-2C6B0CB7E18E}.Release|Win32.Build.0 = Release|Any CPU
		{59623261-56DC-44BC-B407-2C6B0CB7E18E}.Release|x86.ActiveCfg = Release|Any CPU
		{59623261-56DC-44BC-B407-2C6B0CB7E18E}.Release|x86.Build.0 = Release|Any CPU
		{CC35C79F-98A1-4B29-B3D0-6BBA776CC37F}.Debug|Any CPU.ActiveCfg = Debug|Any CPU
		{CC35C79F-98A1-4B29-B3D0-6BBA776CC37F}.Debug|Any CPU.Build.0 = Debug|Any CPU
		{CC35C79F-98A1-4B29-B3D0-6BBA776CC37F}.Debug|Mixed Platforms.ActiveCfg = Debug|Any CPU
		{CC35C79F-98A1-4B29-B3D0-6BBA776CC37F}.Debug|Win32.ActiveCfg = Debug|Any CPU
		{CC35C79F-98A1-4B29-B3D0-6BBA776CC37F}.Debug|Win32.Build.0 = Debug|Any CPU
		{CC35C79F-98A1-4B29-B3D0-6BBA776CC37F}.Debug|x86.ActiveCfg = Debug|Any CPU
		{CC35C79F-98A1-4B29-B3D0-6BBA776CC37F}.Debug|x86.Build.0 = Debug|Any CPU
		{CC35C79F-98A1-4B29-B3D0-6BBA776CC37F}.Release|Any CPU.ActiveCfg = Release|Any CPU
		{CC35C79F-98A1-4B29-B3D0-6BBA776CC37F}.Release|Any CPU.Build.0 = Release|Any CPU
		{CC35C79F-98A1-4B29-B3D0-6BBA776CC37F}.Release|Mixed Platforms.ActiveCfg = Release|Any CPU
		{CC35C79F-98A1-4B29-B3D0-6BBA776CC37F}.Release|Mixed Platforms.Build.0 = Release|Any CPU
		{CC35C79F-98A1-4B29-B3D0-6BBA776CC37F}.Release|Win32.ActiveCfg = Release|Any CPU
		{CC35C79F-98A1-4B29-B3D0-6BBA776CC37F}.Release|Win32.Build.0 = Release|Any CPU
		{CC35C79F-98A1-4B29-B3D0-6BBA776CC37F}.Release|x86.ActiveCfg = Release|Any CPU
		{CC35C79F-98A1-4B29-B3D0-6BBA776CC37F}.Release|x86.Build.0 = Release|Any CPU
		{41477BA1-1790-46B7-ABB5-291992013768}.Debug|Any CPU.ActiveCfg = Debug
		{41477BA1-1790-46B7-ABB5-291992013768}.Debug|Mixed Platforms.ActiveCfg = Debug
		{41477BA1-1790-46B7-ABB5-291992013768}.Debug|Win32.ActiveCfg = Debug
		{41477BA1-1790-46B7-ABB5-291992013768}.Debug|x86.ActiveCfg = Debug
		{41477BA1-1790-46B7-ABB5-291992013768}.Release|Any CPU.ActiveCfg = Release
		{41477BA1-1790-46B7-ABB5-291992013768}.Release|Mixed Platforms.ActiveCfg = Release
		{41477BA1-1790-46B7-ABB5-291992013768}.Release|Win32.ActiveCfg = Release
		{41477BA1-1790-46B7-ABB5-291992013768}.Release|x86.ActiveCfg = Release
		{FADC3631-19E4-4588-A06D-2E2BF2036E45}.Debug|Any CPU.ActiveCfg = Debug
		{FADC3631-19E4-4588-A06D-2E2BF2036E45}.Debug|Mixed Platforms.ActiveCfg = Debug
		{FADC3631-19E4-4588-A06D-2E2BF2036E45}.Debug|Win32.ActiveCfg = Debug
		{FADC3631-19E4-4588-A06D-2E2BF2036E45}.Debug|x86.ActiveCfg = Debug
		{FADC3631-19E4-4588-A06D-2E2BF2036E45}.Release|Any CPU.ActiveCfg = Release
		{FADC3631-19E4-4588-A06D-2E2BF2036E45}.Release|Mixed Platforms.ActiveCfg = Release
		{FADC3631-19E4-4588-A06D-2E2BF2036E45}.Release|Win32.ActiveCfg = Release
		{FADC3631-19E4-4588-A06D-2E2BF2036E45}.Release|x86.ActiveCfg = Release
		{C1700F09-EC03-4056-A67F-F3F3B87DE64E}.Debug|Any CPU.ActiveCfg = Debug
		{C1700F09-EC03-4056-A67F-F3F3B87DE64E}.Debug|Mixed Platforms.ActiveCfg = Debug
		{C1700F09-EC03-4056-A67F-F3F3B87DE64E}.Debug|Win32.ActiveCfg = Debug
		{C1700F09-EC03-4056-A67F-F3F3B87DE64E}.Debug|x86.ActiveCfg = Debug
		{C1700F09-EC03-4056-A67F-F3F3B87DE64E}.Release|Any CPU.ActiveCfg = Release
		{C1700F09-EC03-4056-A67F-F3F3B87DE64E}.Release|Mixed Platforms.ActiveCfg = Release
		{C1700F09-EC03-4056-A67F-F3F3B87DE64E}.Release|Win32.ActiveCfg = Release
		{C1700F09-EC03-4056-A67F-F3F3B87DE64E}.Release|x86.ActiveCfg = Release
		{2049EA39-EDD4-430E-B045-C0718EC064DC}.Debug|Any CPU.ActiveCfg = Debug
		{2049EA39-EDD4-430E-B045-C0718EC064DC}.Debug|Mixed Platforms.ActiveCfg = Debug
		{2049EA39-EDD4-430E-B045-C0718EC064DC}.Debug|Win32.ActiveCfg = Debug
		{2049EA39-EDD4-430E-B045-C0718EC064DC}.Debug|x86.ActiveCfg = Debug
		{2049EA39-EDD4-430E-B045-C0718EC064DC}.Release|Any CPU.ActiveCfg = Release
		{2049EA39-EDD4-430E-B045-C0718EC064DC}.Release|Mixed Platforms.ActiveCfg = Release
		{2049EA39-EDD4-430E-B045-C0718EC064DC}.Release|Win32.ActiveCfg = Release
		{2049EA39-EDD4-430E-B045-C0718EC064DC}.Release|x86.ActiveCfg = Release
		{803D613A-33A1-4DF9-8523-479219FE2C5D}.Debug|Any CPU.ActiveCfg = Debug
		{803D613A-33A1-4DF9-8523-479219FE2C5D}.Debug|Mixed Platforms.ActiveCfg = Debug
		{803D613A-33A1-4DF9-8523-479219FE2C5D}.Debug|Win32.ActiveCfg = Debug
		{803D613A-33A1-4DF9-8523-479219FE2C5D}.Debug|x86.ActiveCfg = Debug
		{803D613A-33A1-4DF9-8523-479219FE2C5D}.Release|Any CPU.ActiveCfg = Release
		{803D613A-33A1-4DF9-8523-479219FE2C5D}.Release|Mixed Platforms.ActiveCfg = Release
		{803D613A-33A1-4DF9-8523-479219FE2C5D}.Release|Win32.ActiveCfg = Release
		{803D613A-33A1-4DF9-8523-479219FE2C5D}.Release|x86.ActiveCfg = Release
		{9CD0E8F6-50AD-430A-BF7A-0E9491350A67}.Debug|Any CPU.ActiveCfg = Debug
		{9CD0E8F6-50AD-430A-BF7A-0E9491350A67}.Debug|Mixed Platforms.ActiveCfg = Debug
		{9CD0E8F6-50AD-430A-BF7A-0E9491350A67}.Debug|Win32.ActiveCfg = Debug
		{9CD0E8F6-50AD-430A-BF7A-0E9491350A67}.Debug|x86.ActiveCfg = Debug
		{9CD0E8F6-50AD-430A-BF7A-0E9491350A67}.Release|Any CPU.ActiveCfg = Release
		{9CD0E8F6-50AD-430A-BF7A-0E9491350A67}.Release|Mixed Platforms.ActiveCfg = Release
		{9CD0E8F6-50AD-430A-BF7A-0E9491350A67}.Release|Win32.ActiveCfg = Release
		{9CD0E8F6-50AD-430A-BF7A-0E9491350A67}.Release|x86.ActiveCfg = Release
		{2C3F9672-417F-4514-B14B-FD5E1097B1F5}.Debug|Any CPU.ActiveCfg = Debug
		{2C3F9672-417F-4514-B14B-FD5E1097B1F5}.Debug|Mixed Platforms.ActiveCfg = Debug
		{2C3F9672-417F-4514-B14B-FD5E1097B1F5}.Debug|Win32.ActiveCfg = Debug
		{2C3F9672-417F-4514-B14B-FD5E1097B1F5}.Debug|x86.ActiveCfg = Debug
		{2C3F9672-417F-4514-B14B-FD5E1097B1F5}.Release|Any CPU.ActiveCfg = Release
		{2C3F9672-417F-4514-B14B-FD5E1097B1F5}.Release|Mixed Platforms.ActiveCfg = Release
		{2C3F9672-417F-4514-B14B-FD5E1097B1F5}.Release|Win32.ActiveCfg = Release
		{2C3F9672-417F-4514-B14B-FD5E1097B1F5}.Release|x86.ActiveCfg = Release
		{8C9BA577-AC92-4A2F-BF4E-2D7DE0D5575D}.Debug|Any CPU.ActiveCfg = Debug
		{8C9BA577-AC92-4A2F-BF4E-2D7DE0D5575D}.Debug|Mixed Platforms.ActiveCfg = Debug
		{8C9BA577-AC92-4A2F-BF4E-2D7DE0D5575D}.Debug|Win32.ActiveCfg = Debug
		{8C9BA577-AC92-4A2F-BF4E-2D7DE0D5575D}.Debug|x86.ActiveCfg = Debug
		{8C9BA577-AC92-4A2F-BF4E-2D7DE0D5575D}.Release|Any CPU.ActiveCfg = Release
		{8C9BA577-AC92-4A2F-BF4E-2D7DE0D5575D}.Release|Mixed Platforms.ActiveCfg = Release
		{8C9BA577-AC92-4A2F-BF4E-2D7DE0D5575D}.Release|Win32.ActiveCfg = Release
		{8C9BA577-AC92-4A2F-BF4E-2D7DE0D5575D}.Release|x86.ActiveCfg = Release
		{DAC70A88-9FFC-4B74-A82D-0611FAA88677}.Debug|Any CPU.ActiveCfg = Debug
		{DAC70A88-9FFC-4B74-A82D-0611FAA88677}.Debug|Mixed Platforms.ActiveCfg = Debug
		{DAC70A88-9FFC-4B74-A82D-0611FAA88677}.Debug|Win32.ActiveCfg = Debug
		{DAC70A88-9FFC-4B74-A82D-0611FAA88677}.Debug|x86.ActiveCfg = Debug
		{DAC70A88-9FFC-4B74-A82D-0611FAA88677}.Release|Any CPU.ActiveCfg = Release
		{DAC70A88-9FFC-4B74-A82D-0611FAA88677}.Release|Mixed Platforms.ActiveCfg = Release
		{DAC70A88-9FFC-4B74-A82D-0611FAA88677}.Release|Win32.ActiveCfg = Release
		{DAC70A88-9FFC-4B74-A82D-0611FAA88677}.Release|x86.ActiveCfg = Release
		{8172202F-7F69-4EE0-81BC-B2573C2926A9}.Debug|Any CPU.ActiveCfg = Debug
		{8172202F-7F69-4EE0-81BC-B2573C2926A9}.Debug|Mixed Platforms.ActiveCfg = Debug
		{8172202F-7F69-4EE0-81BC-B2573C2926A9}.Debug|Win32.ActiveCfg = Debug
		{8172202F-7F69-4EE0-81BC-B2573C2926A9}.Debug|x86.ActiveCfg = Debug
		{8172202F-7F69-4EE0-81BC-B2573C2926A9}.Release|Any CPU.ActiveCfg = Release
		{8172202F-7F69-4EE0-81BC-B2573C2926A9}.Release|Mixed Platforms.ActiveCfg = Release
		{8172202F-7F69-4EE0-81BC-B2573C2926A9}.Release|Win32.ActiveCfg = Release
		{8172202F-7F69-4EE0-81BC-B2573C2926A9}.Release|x86.ActiveCfg = Release
		{C4CAD75E-D8C6-441C-AA8C-3A5B276F4DEA}.Debug|Any CPU.ActiveCfg = Debug
		{C4CAD75E-D8C6-441C-AA8C-3A5B276F4DEA}.Debug|Mixed Platforms.ActiveCfg = Debug
		{C4CAD75E-D8C6-441C-AA8C-3A5B276F4DEA}.Debug|Win32.ActiveCfg = Debug
		{C4CAD75E-D8C6-441C-AA8C-3A5B276F4DEA}.Debug|x86.ActiveCfg = Debug
		{C4CAD75E-D8C6-441C-AA8C-3A5B276F4DEA}.Release|Any CPU.ActiveCfg = Release
		{C4CAD75E-D8C6-441C-AA8C-3A5B276F4DEA}.Release|Mixed Platforms.ActiveCfg = Release
		{C4CAD75E-D8C6-441C-AA8C-3A5B276F4DEA}.Release|Win32.ActiveCfg = Release
		{C4CAD75E-D8C6-441C-AA8C-3A5B276F4DEA}.Release|x86.ActiveCfg = Release
		{EEB246B1-3D90-468B-A198-58C423A9DA62}.Debug|Any CPU.ActiveCfg = Debug
		{EEB246B1-3D90-468B-A198-58C423A9DA62}.Debug|Mixed Platforms.ActiveCfg = Debug
		{EEB246B1-3D90-468B-A198-58C423A9DA62}.Debug|Win32.ActiveCfg = Debug
		{EEB246B1-3D90-468B-A198-58C423A9DA62}.Debug|x86.ActiveCfg = Debug
		{EEB246B1-3D90-468B-A198-58C423A9DA62}.Release|Any CPU.ActiveCfg = Release
		{EEB246B1-3D90-468B-A198-58C423A9DA62}.Release|Mixed Platforms.ActiveCfg = Release
		{EEB246B1-3D90-468B-A198-58C423A9DA62}.Release|Win32.ActiveCfg = Release
		{EEB246B1-3D90-468B-A198-58C423A9DA62}.Release|x86.ActiveCfg = Release
		{223D0AFF-F34F-493B-9D3E-72F85E37D74A}.Debug|Any CPU.ActiveCfg = Debug
		{223D0AFF-F34F-493B-9D3E-72F85E37D74A}.Debug|Mixed Platforms.ActiveCfg = Debug
		{223D0AFF-F34F-493B-9D3E-72F85E37D74A}.Debug|Win32.ActiveCfg = Debug
		{223D0AFF-F34F-493B-9D3E-72F85E37D74A}.Debug|x86.ActiveCfg = Debug
		{223D0AFF-F34F-493B-9D3E-72F85E37D74A}.Release|Any CPU.ActiveCfg = Release
		{223D0AFF-F34F-493B-9D3E-72F85E37D74A}.Release|Mixed Platforms.ActiveCfg = Release
		{223D0AFF-F34F-493B-9D3E-72F85E37D74A}.Release|Win32.ActiveCfg = Release
		{223D0AFF-F34F-493B-9D3E-72F85E37D74A}.Release|x86.ActiveCfg = Release
		{1C71597D-3925-48A5-82B1-C87D8A4010DB}.Debug|Any CPU.ActiveCfg = Debug|Any CPU
		{1C71597D-3925-48A5-82B1-C87D8A4010DB}.Debug|Any CPU.Build.0 = Debug|Any CPU
		{1C71597D-3925-48A5-82B1-C87D8A4010DB}.Debug|Mixed Platforms.ActiveCfg = Debug|Any CPU
		{1C71597D-3925-48A5-82B1-C87D8A4010DB}.Debug|Win32.ActiveCfg = Debug|Any CPU
		{1C71597D-3925-48A5-82B1-C87D8A4010DB}.Debug|Win32.Build.0 = Debug|Any CPU
		{1C71597D-3925-48A5-82B1-C87D8A4010DB}.Debug|x86.ActiveCfg = Debug|Any CPU
		{1C71597D-3925-48A5-82B1-C87D8A4010DB}.Debug|x86.Build.0 = Debug|Any CPU
		{1C71597D-3925-48A5-82B1-C87D8A4010DB}.Release|Any CPU.ActiveCfg = Release|Any CPU
		{1C71597D-3925-48A5-82B1-C87D8A4010DB}.Release|Any CPU.Build.0 = Release|Any CPU
		{1C71597D-3925-48A5-82B1-C87D8A4010DB}.Release|Mixed Platforms.ActiveCfg = Release|Any CPU
		{1C71597D-3925-48A5-82B1-C87D8A4010DB}.Release|Mixed Platforms.Build.0 = Release|Any CPU
		{1C71597D-3925-48A5-82B1-C87D8A4010DB}.Release|Win32.ActiveCfg = Release|Any CPU
		{1C71597D-3925-48A5-82B1-C87D8A4010DB}.Release|Win32.Build.0 = Release|Any CPU
		{1C71597D-3925-48A5-82B1-C87D8A4010DB}.Release|x86.ActiveCfg = Release|Any CPU
		{1C71597D-3925-48A5-82B1-C87D8A4010DB}.Release|x86.Build.0 = Release|Any CPU
		{634F781E-ABC7-48FE-A771-1547F3D63534}.Debug|Any CPU.ActiveCfg = Debug
		{634F781E-ABC7-48FE-A771-1547F3D63534}.Debug|Mixed Platforms.ActiveCfg = Debug
		{634F781E-ABC7-48FE-A771-1547F3D63534}.Debug|Win32.ActiveCfg = Debug
		{634F781E-ABC7-48FE-A771-1547F3D63534}.Debug|x86.ActiveCfg = Debug
		{634F781E-ABC7-48FE-A771-1547F3D63534}.Release|Any CPU.ActiveCfg = Release
		{634F781E-ABC7-48FE-A771-1547F3D63534}.Release|Mixed Platforms.ActiveCfg = Release
		{634F781E-ABC7-48FE-A771-1547F3D63534}.Release|Win32.ActiveCfg = Release
		{634F781E-ABC7-48FE-A771-1547F3D63534}.Release|x86.ActiveCfg = Release
		{94229E66-3F79-4766-AA9A-4F150310484D}.Debug|Any CPU.ActiveCfg = Debug
		{94229E66-3F79-4766-AA9A-4F150310484D}.Debug|Mixed Platforms.ActiveCfg = Debug
		{94229E66-3F79-4766-AA9A-4F150310484D}.Debug|Win32.ActiveCfg = Debug
		{94229E66-3F79-4766-AA9A-4F150310484D}.Debug|x86.ActiveCfg = Debug
		{94229E66-3F79-4766-AA9A-4F150310484D}.Release|Any CPU.ActiveCfg = Release
		{94229E66-3F79-4766-AA9A-4F150310484D}.Release|Mixed Platforms.ActiveCfg = Release
		{94229E66-3F79-4766-AA9A-4F150310484D}.Release|Win32.ActiveCfg = Release
		{94229E66-3F79-4766-AA9A-4F150310484D}.Release|x86.ActiveCfg = Release
		{78B36769-AD78-4727-8FA7-E3A2A2F719AE}.Debug|Any CPU.ActiveCfg = Debug
		{78B36769-AD78-4727-8FA7-E3A2A2F719AE}.Debug|Mixed Platforms.ActiveCfg = Debug
		{78B36769-AD78-4727-8FA7-E3A2A2F719AE}.Debug|Win32.ActiveCfg = Debug
		{78B36769-AD78-4727-8FA7-E3A2A2F719AE}.Debug|x86.ActiveCfg = Debug
		{78B36769-AD78-4727-8FA7-E3A2A2F719AE}.Release|Any CPU.ActiveCfg = Release
		{78B36769-AD78-4727-8FA7-E3A2A2F719AE}.Release|Mixed Platforms.ActiveCfg = Release
		{78B36769-AD78-4727-8FA7-E3A2A2F719AE}.Release|Win32.ActiveCfg = Release
		{78B36769-AD78-4727-8FA7-E3A2A2F719AE}.Release|x86.ActiveCfg = Release
		{C3D419F7-D68A-452F-B6DC-2AEEF8B9747E}.Debug|Any CPU.ActiveCfg = Debug
		{C3D419F7-D68A-452F-B6DC-2AEEF8B9747E}.Debug|Mixed Platforms.ActiveCfg = Debug
		{C3D419F7-D68A-452F-B6DC-2AEEF8B9747E}.Debug|Win32.ActiveCfg = Debug
		{C3D419F7-D68A-452F-B6DC-2AEEF8B9747E}.Debug|x86.ActiveCfg = Debug
		{C3D419F7-D68A-452F-B6DC-2AEEF8B9747E}.Release|Any CPU.ActiveCfg = Release
		{C3D419F7-D68A-452F-B6DC-2AEEF8B9747E}.Release|Mixed Platforms.ActiveCfg = Release
		{C3D419F7-D68A-452F-B6DC-2AEEF8B9747E}.Release|Win32.ActiveCfg = Release
		{C3D419F7-D68A-452F-B6DC-2AEEF8B9747E}.Release|x86.ActiveCfg = Release
		{8A025018-C67F-4015-BCA1-7973558BF8E5}.Debug|Any CPU.ActiveCfg = Debug
		{8A025018-C67F-4015-BCA1-7973558BF8E5}.Debug|Mixed Platforms.ActiveCfg = Debug
		{8A025018-C67F-4015-BCA1-7973558BF8E5}.Debug|Win32.ActiveCfg = Debug
		{8A025018-C67F-4015-BCA1-7973558BF8E5}.Debug|x86.ActiveCfg = Debug
		{8A025018-C67F-4015-BCA1-7973558BF8E5}.Release|Any CPU.ActiveCfg = Release
		{8A025018-C67F-4015-BCA1-7973558BF8E5}.Release|Mixed Platforms.ActiveCfg = Release
		{8A025018-C67F-4015-BCA1-7973558BF8E5}.Release|Win32.ActiveCfg = Release
		{8A025018-C67F-4015-BCA1-7973558BF8E5}.Release|x86.ActiveCfg = Release
		{8DA255F4-6C1E-4C9E-92E1-E97BA2AE98AE}.Debug|Any CPU.ActiveCfg = Debug
		{8DA255F4-6C1E-4C9E-92E1-E97BA2AE98AE}.Debug|Mixed Platforms.ActiveCfg = Debug
		{8DA255F4-6C1E-4C9E-92E1-E97BA2AE98AE}.Debug|Win32.ActiveCfg = Debug
		{8DA255F4-6C1E-4C9E-92E1-E97BA2AE98AE}.Debug|x86.ActiveCfg = Debug
		{8DA255F4-6C1E-4C9E-92E1-E97BA2AE98AE}.Release|Any CPU.ActiveCfg = Release
		{8DA255F4-6C1E-4C9E-92E1-E97BA2AE98AE}.Release|Mixed Platforms.ActiveCfg = Release
		{8DA255F4-6C1E-4C9E-92E1-E97BA2AE98AE}.Release|Win32.ActiveCfg = Release
		{8DA255F4-6C1E-4C9E-92E1-E97BA2AE98AE}.Release|x86.ActiveCfg = Release
		{8F129275-EDA6-4EF3-8DF4-F13D920316FD}.Debug|Any CPU.ActiveCfg = Debug
		{8F129275-EDA6-4EF3-8DF4-F13D920316FD}.Debug|Mixed Platforms.ActiveCfg = Debug
		{8F129275-EDA6-4EF3-8DF4-F13D920316FD}.Debug|Win32.ActiveCfg = Debug
		{8F129275-EDA6-4EF3-8DF4-F13D920316FD}.Debug|x86.ActiveCfg = Debug
		{8F129275-EDA6-4EF3-8DF4-F13D920316FD}.Release|Any CPU.ActiveCfg = Release
		{8F129275-EDA6-4EF3-8DF4-F13D920316FD}.Release|Mixed Platforms.ActiveCfg = Release
		{8F129275-EDA6-4EF3-8DF4-F13D920316FD}.Release|Win32.ActiveCfg = Release
		{8F129275-EDA6-4EF3-8DF4-F13D920316FD}.Release|x86.ActiveCfg = Release
		{25D6555E-B748-4E9E-89D2-B83E2690576E}.Debug|Any CPU.ActiveCfg = Debug
		{25D6555E-B748-4E9E-89D2-B83E2690576E}.Debug|Mixed Platforms.ActiveCfg = Debug
		{25D6555E-B748-4E9E-89D2-B83E2690576E}.Debug|Win32.ActiveCfg = Debug
		{25D6555E-B748-4E9E-89D2-B83E2690576E}.Debug|x86.ActiveCfg = Debug
		{25D6555E-B748-4E9E-89D2-B83E2690576E}.Release|Any CPU.ActiveCfg = Release
		{25D6555E-B748-4E9E-89D2-B83E2690576E}.Release|Mixed Platforms.ActiveCfg = Release
		{25D6555E-B748-4E9E-89D2-B83E2690576E}.Release|Win32.ActiveCfg = Release
		{25D6555E-B748-4E9E-89D2-B83E2690576E}.Release|x86.ActiveCfg = Release
		{45D8803B-A8B1-4EB1-8F61-1BF5E35378B9}.Debug|Any CPU.ActiveCfg = Debug
		{45D8803B-A8B1-4EB1-8F61-1BF5E35378B9}.Debug|Mixed Platforms.ActiveCfg = Debug
		{45D8803B-A8B1-4EB1-8F61-1BF5E35378B9}.Debug|Win32.ActiveCfg = Debug
		{45D8803B-A8B1-4EB1-8F61-1BF5E35378B9}.Debug|x86.ActiveCfg = Debug
		{45D8803B-A8B1-4EB1-8F61-1BF5E35378B9}.Release|Any CPU.ActiveCfg = Release
		{45D8803B-A8B1-4EB1-8F61-1BF5E35378B9}.Release|Mixed Platforms.ActiveCfg = Release
		{45D8803B-A8B1-4EB1-8F61-1BF5E35378B9}.Release|Win32.ActiveCfg = Release
		{45D8803B-A8B1-4EB1-8F61-1BF5E35378B9}.Release|x86.ActiveCfg = Release
		{650806D4-C21D-4801-9047-2852E1329047}.Debug|Any CPU.ActiveCfg = Debug
		{650806D4-C21D-4801-9047-2852E1329047}.Debug|Mixed Platforms.ActiveCfg = Debug
		{650806D4-C21D-4801-9047-2852E1329047}.Debug|Win32.ActiveCfg = Debug
		{650806D4-C21D-4801-9047-2852E1329047}.Debug|x86.ActiveCfg = Debug
		{650806D4-C21D-4801-9047-2852E1329047}.Release|Any CPU.ActiveCfg = Release
		{650806D4-C21D-4801-9047-2852E1329047}.Release|Mixed Platforms.ActiveCfg = Release
		{650806D4-C21D-4801-9047-2852E1329047}.Release|Win32.ActiveCfg = Release
		{650806D4-C21D-4801-9047-2852E1329047}.Release|x86.ActiveCfg = Release
		{8B5DB33E-EE7F-4299-8117-B97B4F233EF6}.Debug|Any CPU.ActiveCfg = Debug
		{8B5DB33E-EE7F-4299-8117-B97B4F233EF6}.Debug|Mixed Platforms.ActiveCfg = Debug
		{8B5DB33E-EE7F-4299-8117-B97B4F233EF6}.Debug|Win32.ActiveCfg = Debug
		{8B5DB33E-EE7F-4299-8117-B97B4F233EF6}.Debug|x86.ActiveCfg = Debug
		{8B5DB33E-EE7F-4299-8117-B97B4F233EF6}.Release|Any CPU.ActiveCfg = Release
		{8B5DB33E-EE7F-4299-8117-B97B4F233EF6}.Release|Mixed Platforms.ActiveCfg = Release
		{8B5DB33E-EE7F-4299-8117-B97B4F233EF6}.Release|Win32.ActiveCfg = Release
		{8B5DB33E-EE7F-4299-8117-B97B4F233EF6}.Release|x86.ActiveCfg = Release
		{363297AC-7B13-49DA-8343-3CA654D4388E}.Debug|Any CPU.ActiveCfg = Debug
		{363297AC-7B13-49DA-8343-3CA654D4388E}.Debug|Mixed Platforms.ActiveCfg = Debug
		{363297AC-7B13-49DA-8343-3CA654D4388E}.Debug|Win32.ActiveCfg = Debug
		{363297AC-7B13-49DA-8343-3CA654D4388E}.Debug|x86.ActiveCfg = Debug
		{363297AC-7B13-49DA-8343-3CA654D4388E}.Release|Any CPU.ActiveCfg = Release
		{363297AC-7B13-49DA-8343-3CA654D4388E}.Release|Mixed Platforms.ActiveCfg = Release
		{363297AC-7B13-49DA-8343-3CA654D4388E}.Release|Win32.ActiveCfg = Release
		{363297AC-7B13-49DA-8343-3CA654D4388E}.Release|x86.ActiveCfg = Release
		{B1729D49-8460-4632-A8F2-2EDAD3FA129F}.Debug|Any CPU.ActiveCfg = Debug
		{B1729D49-8460-4632-A8F2-2EDAD3FA129F}.Debug|Mixed Platforms.ActiveCfg = Debug
		{B1729D49-8460-4632-A8F2-2EDAD3FA129F}.Debug|Win32.ActiveCfg = Debug
		{B1729D49-8460-4632-A8F2-2EDAD3FA129F}.Debug|x86.ActiveCfg = Debug
		{B1729D49-8460-4632-A8F2-2EDAD3FA129F}.Release|Any CPU.ActiveCfg = Release
		{B1729D49-8460-4632-A8F2-2EDAD3FA129F}.Release|Mixed Platforms.ActiveCfg = Release
		{B1729D49-8460-4632-A8F2-2EDAD3FA129F}.Release|Win32.ActiveCfg = Release
		{B1729D49-8460-4632-A8F2-2EDAD3FA129F}.Release|x86.ActiveCfg = Release
		{8906B427-3B9B-4AC7-8DA4-B672C879985A}.Debug|Any CPU.ActiveCfg = Debug
		{8906B427-3B9B-4AC7-8DA4-B672C879985A}.Debug|Mixed Platforms.ActiveCfg = Debug
		{8906B427-3B9B-4AC7-8DA4-B672C879985A}.Debug|Win32.ActiveCfg = Debug
		{8906B427-3B9B-4AC7-8DA4-B672C879985A}.Debug|x86.ActiveCfg = Debug
		{8906B427-3B9B-4AC7-8DA4-B672C879985A}.Release|Any CPU.ActiveCfg = Release
		{8906B427-3B9B-4AC7-8DA4-B672C879985A}.Release|Mixed Platforms.ActiveCfg = Release
		{8906B427-3B9B-4AC7-8DA4-B672C879985A}.Release|Win32.ActiveCfg = Release
		{8906B427-3B9B-4AC7-8DA4-B672C879985A}.Release|x86.ActiveCfg = Release
		{434FF07F-31E3-444A-8FFA-E5BDFE33CF8A}.Debug|Any CPU.ActiveCfg = Debug
		{434FF07F-31E3-444A-8FFA-E5BDFE33CF8A}.Debug|Mixed Platforms.ActiveCfg = Debug
		{434FF07F-31E3-444A-8FFA-E5BDFE33CF8A}.Debug|Win32.ActiveCfg = Debug
		{434FF07F-31E3-444A-8FFA-E5BDFE33CF8A}.Debug|x86.ActiveCfg = Debug
		{434FF07F-31E3-444A-8FFA-E5BDFE33CF8A}.Release|Any CPU.ActiveCfg = Release
		{434FF07F-31E3-444A-8FFA-E5BDFE33CF8A}.Release|Mixed Platforms.ActiveCfg = Release
		{434FF07F-31E3-444A-8FFA-E5BDFE33CF8A}.Release|Win32.ActiveCfg = Release
		{434FF07F-31E3-444A-8FFA-E5BDFE33CF8A}.Release|x86.ActiveCfg = Release
		{E00AC63C-95C2-4ABB-85E2-9BBD15F0D379}.Debug|Any CPU.ActiveCfg = Debug
		{E00AC63C-95C2-4ABB-85E2-9BBD15F0D379}.Debug|Mixed Platforms.ActiveCfg = Debug
		{E00AC63C-95C2-4ABB-85E2-9BBD15F0D379}.Debug|Win32.ActiveCfg = Debug
		{E00AC63C-95C2-4ABB-85E2-9BBD15F0D379}.Debug|x86.ActiveCfg = Debug
		{E00AC63C-95C2-4ABB-85E2-9BBD15F0D379}.Release|Any CPU.ActiveCfg = Release
		{E00AC63C-95C2-4ABB-85E2-9BBD15F0D379}.Release|Mixed Platforms.ActiveCfg = Release
		{E00AC63C-95C2-4ABB-85E2-9BBD15F0D379}.Release|Win32.ActiveCfg = Release
		{E00AC63C-95C2-4ABB-85E2-9BBD15F0D379}.Release|x86.ActiveCfg = Release
		{C656C052-C861-4614-9546-99017D4CD663}.Debug|Any CPU.ActiveCfg = Debug
		{C656C052-C861-4614-9546-99017D4CD663}.Debug|Mixed Platforms.ActiveCfg = Debug
		{C656C052-C861-4614-9546-99017D4CD663}.Debug|Win32.ActiveCfg = Debug
		{C656C052-C861-4614-9546-99017D4CD663}.Debug|x86.ActiveCfg = Debug
		{C656C052-C861-4614-9546-99017D4CD663}.Release|Any CPU.ActiveCfg = Release
		{C656C052-C861-4614-9546-99017D4CD663}.Release|Mixed Platforms.ActiveCfg = Release
		{C656C052-C861-4614-9546-99017D4CD663}.Release|Win32.ActiveCfg = Release
		{C656C052-C861-4614-9546-99017D4CD663}.Release|x86.ActiveCfg = Release
		{9C405FFF-B6C0-44A7-B333-43822E9C1981}.Debug|Any CPU.ActiveCfg = Debug
		{9C405FFF-B6C0-44A7-B333-43822E9C1981}.Debug|Mixed Platforms.ActiveCfg = Debug
		{9C405FFF-B6C0-44A7-B333-43822E9C1981}.Debug|Win32.ActiveCfg = Debug
		{9C405FFF-B6C0-44A7-B333-43822E9C1981}.Debug|x86.ActiveCfg = Debug
		{9C405FFF-B6C0-44A7-B333-43822E9C1981}.Release|Any CPU.ActiveCfg = Release
		{9C405FFF-B6C0-44A7-B333-43822E9C1981}.Release|Mixed Platforms.ActiveCfg = Release
		{9C405FFF-B6C0-44A7-B333-43822E9C1981}.Release|Win32.ActiveCfg = Release
		{9C405FFF-B6C0-44A7-B333-43822E9C1981}.Release|x86.ActiveCfg = Release
		{74F0D9F5-F286-42E7-A1A2-4F5C92165896}.Debug|Any CPU.ActiveCfg = Debug
		{74F0D9F5-F286-42E7-A1A2-4F5C92165896}.Debug|Mixed Platforms.ActiveCfg = Debug
		{74F0D9F5-F286-42E7-A1A2-4F5C92165896}.Debug|Win32.ActiveCfg = Debug
		{74F0D9F5-F286-42E7-A1A2-4F5C92165896}.Debug|x86.ActiveCfg = Debug
		{74F0D9F5-F286-42E7-A1A2-4F5C92165896}.Release|Any CPU.ActiveCfg = Release
		{74F0D9F5-F286-42E7-A1A2-4F5C92165896}.Release|Mixed Platforms.ActiveCfg = Release
		{74F0D9F5-F286-42E7-A1A2-4F5C92165896}.Release|Win32.ActiveCfg = Release
		{74F0D9F5-F286-42E7-A1A2-4F5C92165896}.Release|x86.ActiveCfg = Release
		{0922855D-4572-4495-96E3-9E64C6D5E28D}.Debug|Any CPU.ActiveCfg = Debug
		{0922855D-4572-4495-96E3-9E64C6D5E28D}.Debug|Mixed Platforms.ActiveCfg = Debug
		{0922855D-4572-4495-96E3-9E64C6D5E28D}.Debug|Win32.ActiveCfg = Debug
		{0922855D-4572-4495-96E3-9E64C6D5E28D}.Debug|x86.ActiveCfg = Debug
		{0922855D-4572-4495-96E3-9E64C6D5E28D}.Release|Any CPU.ActiveCfg = Release
		{0922855D-4572-4495-96E3-9E64C6D5E28D}.Release|Mixed Platforms.ActiveCfg = Release
		{0922855D-4572-4495-96E3-9E64C6D5E28D}.Release|Win32.ActiveCfg = Release
		{0922855D-4572-4495-96E3-9E64C6D5E28D}.Release|x86.ActiveCfg = Release
	EndGlobalSection
	GlobalSection(SolutionProperties) = preSolution
		HideSolutionNode = FALSE
	EndGlobalSection
	GlobalSection(ExtensibilityGlobals) = postSolution
		SolutionGuid = {65198855-F720-430F-B6AD-1D8869E57732}
	EndGlobalSection
EndGlobal
